
Microsoft Visual Studio Solution File, Format Version 12.00
# Visual Studio 15
VisualStudioVersion = 15.0.28010.2048
MinimumVisualStudioVersion = 10.0.40219.1
Project("{FAE04EC0-301F-11D3-BF4B-00C04F79EFBC}") = "AlgorithmsDataStructures2", "AlgorithmsDataStructures2\AlgorithmsDataStructures2.csproj", "{83F6DBDC-DE17-4E63-8EA6-50E2893B5EBA}"
EndProject
Global
	GlobalSection(SolutionConfigurationPlatforms) = preSolution
		Debug|Any CPU = Debug|Any CPU
		Release|Any CPU = Release|Any CPU
	EndGlobalSection
	GlobalSection(ProjectConfigurationPlatforms) = postSolution
		{83F6DBDC-DE17-4E63-8EA6-50E2893B5EBA}.Debug|Any CPU.ActiveCfg = Debug|Any CPU
		{83F6DBDC-DE17-4E63-8EA6-50E2893B5EBA}.Debug|Any CPU.Build.0 = Debug|Any CPU
		{83F6DBDC-DE17-4E63-8EA6-50E2893B5EBA}.Release|Any CPU.ActiveCfg = Release|Any CPU
		{83F6DBDC-DE17-4E63-8EA6-50E2893B5EBA}.Release|Any CPU.Build.0 = Release|Any CPU
	EndGlobalSection
	GlobalSection(SolutionProperties) = preSolution
		HideSolutionNode = FALSE
	EndGlobalSection
	GlobalSection(ExtensibilityGlobals) = postSolution
		SolutionGuid = {6E255E9A-C0D2-4323-B7E8-5121FE48AE2D}
	EndGlobalSection
EndGlobal
